
Microsoft Visual Studio Solution File, Format Version 12.00
# Visual Studio Version 17
VisualStudioVersion = 17.7.34202.233
MinimumVisualStudioVersion = 10.0.40219.1
Project("{FAE04EC0-301F-11D3-BF4B-00C04F79EFBC}") = "PokéPortal", "PokéPortal.csproj", "{6DF3DA72-73A9-4A26-8465-CC4494B16454}"
EndProject
Global
	GlobalSection(SolutionConfigurationPlatforms) = preSolution
		Debug|Any CPU = Debug|Any CPU
		Release|Any CPU = Release|Any CPU
	EndGlobalSection
	GlobalSection(ProjectConfigurationPlatforms) = postSolution
		{6DF3DA72-73A9-4A26-8465-CC4494B16454}.Debug|Any CPU.ActiveCfg = Debug|Any CPU
		{6DF3DA72-73A9-4A26-8465-CC4494B16454}.Debug|Any CPU.Build.0 = Debug|Any CPU
		{6DF3DA72-73A9-4A26-8465-CC4494B16454}.Release|Any CPU.ActiveCfg = Release|Any CPU
		{6DF3DA72-73A9-4A26-8465-CC4494B16454}.Release|Any CPU.Build.0 = Release|Any CPU
	EndGlobalSection
	GlobalSection(SolutionProperties) = preSolution
		HideSolutionNode = FALSE
	EndGlobalSection
	GlobalSection(ExtensibilityGlobals) = postSolution
		SolutionGuid = {615CBFB6-8B7A-469A-852F-4D7DD1BAFC6C}
	EndGlobalSection
EndGlobal
